
Microsoft Visual Studio Solution File, Format Version 12.00
# Visual Studio Version 16
VisualStudioVersion = 16.0.29613.14
MinimumVisualStudioVersion = 10.0.40219.1
Project("{FAE04EC0-301F-11D3-BF4B-00C04F79EFBC}") = "HomeWork_2_1", "HomeWork_2_1.csproj", "{0D263C87-E076-4287-BCCA-D95C9139EB6A}"
EndProject
Global
	GlobalSection(SolutionConfigurationPlatforms) = preSolution
		Debug|Any CPU = Debug|Any CPU
		Release|Any CPU = Release|Any CPU
	EndGlobalSection
	GlobalSection(ProjectConfigurationPlatforms) = postSolution
		{0D263C87-E076-4287-BCCA-D95C9139EB6A}.Debug|Any CPU.ActiveCfg = Debug|Any CPU
		{0D263C87-E076-4287-BCCA-D95C9139EB6A}.Debug|Any CPU.Build.0 = Debug|Any CPU
		{0D263C87-E076-4287-BCCA-D95C9139EB6A}.Release|Any CPU.ActiveCfg = Release|Any CPU
		{0D263C87-E076-4287-BCCA-D95C9139EB6A}.Release|Any CPU.Build.0 = Release|Any CPU
	EndGlobalSection
	GlobalSection(SolutionProperties) = preSolution
		HideSolutionNode = FALSE
	EndGlobalSection
	GlobalSection(ExtensibilityGlobals) = postSolution
		SolutionGuid = {CC6097DC-9517-4B00-8C97-A4237564A7C9}
	EndGlobalSection
EndGlobal
