
Microsoft Visual Studio Solution File, Format Version 12.00
# Visual Studio Version 16
VisualStudioVersion = 16.0.30225.117
MinimumVisualStudioVersion = 10.0.40219.1
Project("{FAE04EC0-301F-11D3-BF4B-00C04F79EFBC}") = "HomeWork_5_1", "HomeWork_5_1.csproj", "{9896B980-CAFC-456E-9093-B6F988AFFB1B}"
EndProject
Global
	GlobalSection(SolutionConfigurationPlatforms) = preSolution
		Debug|Any CPU = Debug|Any CPU
		Release|Any CPU = Release|Any CPU
	EndGlobalSection
	GlobalSection(ProjectConfigurationPlatforms) = postSolution
		{9896B980-CAFC-456E-9093-B6F988AFFB1B}.Debug|Any CPU.ActiveCfg = Debug|Any CPU
		{9896B980-CAFC-456E-9093-B6F988AFFB1B}.Debug|Any CPU.Build.0 = Debug|Any CPU
		{9896B980-CAFC-456E-9093-B6F988AFFB1B}.Release|Any CPU.ActiveCfg = Release|Any CPU
		{9896B980-CAFC-456E-9093-B6F988AFFB1B}.Release|Any CPU.Build.0 = Release|Any CPU
	EndGlobalSection
	GlobalSection(SolutionProperties) = preSolution
		HideSolutionNode = FALSE
	EndGlobalSection
	GlobalSection(ExtensibilityGlobals) = postSolution
		SolutionGuid = {D422A860-07F9-4989-8CAB-A30091A7898A}
	EndGlobalSection
EndGlobal
