
Microsoft Visual Studio Solution File, Format Version 12.00
# Visual Studio Version 16
VisualStudioVersion = 16.0.30320.27
MinimumVisualStudioVersion = 10.0.40219.1
Project("{FAE04EC0-301F-11D3-BF4B-00C04F79EFBC}") = "HomeWork_7_6_WeaponsReport", "HomeWork_7_6_WeaponsReport.csproj", "{AE480C26-EFE4-4352-B07D-017F80D4124F}"
EndProject
Global
	GlobalSection(SolutionConfigurationPlatforms) = preSolution
		Debug|Any CPU = Debug|Any CPU
		Release|Any CPU = Release|Any CPU
	EndGlobalSection
	GlobalSection(ProjectConfigurationPlatforms) = postSolution
		{AE480C26-EFE4-4352-B07D-017F80D4124F}.Debug|Any CPU.ActiveCfg = Debug|Any CPU
		{AE480C26-EFE4-4352-B07D-017F80D4124F}.Debug|Any CPU.Build.0 = Debug|Any CPU
		{AE480C26-EFE4-4352-B07D-017F80D4124F}.Release|Any CPU.ActiveCfg = Release|Any CPU
		{AE480C26-EFE4-4352-B07D-017F80D4124F}.Release|Any CPU.Build.0 = Release|Any CPU
	EndGlobalSection
	GlobalSection(SolutionProperties) = preSolution
		HideSolutionNode = FALSE
	EndGlobalSection
	GlobalSection(ExtensibilityGlobals) = postSolution
		SolutionGuid = {67CCFD04-E4DE-4F15-A0B3-58F679D966F4}
	EndGlobalSection
EndGlobal
