
Microsoft Visual Studio Solution File, Format Version 12.00
# Visual Studio Version 16
VisualStudioVersion = 16.0.30320.27
MinimumVisualStudioVersion = 10.0.40219.1
Project("{FAE04EC0-301F-11D3-BF4B-00C04F79EFBC}") = "HomeWork_6_3", "HomeWork_6_3.csproj", "{232C2C9E-4685-4C39-95EC-9369C72BA963}"
EndProject
Global
	GlobalSection(SolutionConfigurationPlatforms) = preSolution
		Debug|Any CPU = Debug|Any CPU
		Release|Any CPU = Release|Any CPU
	EndGlobalSection
	GlobalSection(ProjectConfigurationPlatforms) = postSolution
		{232C2C9E-4685-4C39-95EC-9369C72BA963}.Debug|Any CPU.ActiveCfg = Debug|Any CPU
		{232C2C9E-4685-4C39-95EC-9369C72BA963}.Debug|Any CPU.Build.0 = Debug|Any CPU
		{232C2C9E-4685-4C39-95EC-9369C72BA963}.Release|Any CPU.ActiveCfg = Release|Any CPU
		{232C2C9E-4685-4C39-95EC-9369C72BA963}.Release|Any CPU.Build.0 = Release|Any CPU
	EndGlobalSection
	GlobalSection(SolutionProperties) = preSolution
		HideSolutionNode = FALSE
	EndGlobalSection
	GlobalSection(ExtensibilityGlobals) = postSolution
		SolutionGuid = {C0233987-E2E5-47B7-B90E-6164E77B0AC1}
	EndGlobalSection
EndGlobal
