
Microsoft Visual Studio Solution File, Format Version 12.00
# Visual Studio Version 16
VisualStudioVersion = 16.0.30309.148
MinimumVisualStudioVersion = 10.0.40219.1
Project("{FAE04EC0-301F-11D3-BF4B-00C04F79EFBC}") = "HomeWork_6_11_CarService", "HomeWork_6_11_CarService.csproj", "{4414DE4E-8332-4606-B02C-62B1A70A2A5C}"
EndProject
Global
	GlobalSection(SolutionConfigurationPlatforms) = preSolution
		Debug|Any CPU = Debug|Any CPU
		Release|Any CPU = Release|Any CPU
	EndGlobalSection
	GlobalSection(ProjectConfigurationPlatforms) = postSolution
		{4414DE4E-8332-4606-B02C-62B1A70A2A5C}.Debug|Any CPU.ActiveCfg = Debug|Any CPU
		{4414DE4E-8332-4606-B02C-62B1A70A2A5C}.Debug|Any CPU.Build.0 = Debug|Any CPU
		{4414DE4E-8332-4606-B02C-62B1A70A2A5C}.Release|Any CPU.ActiveCfg = Release|Any CPU
		{4414DE4E-8332-4606-B02C-62B1A70A2A5C}.Release|Any CPU.Build.0 = Release|Any CPU
	EndGlobalSection
	GlobalSection(SolutionProperties) = preSolution
		HideSolutionNode = FALSE
	EndGlobalSection
	GlobalSection(ExtensibilityGlobals) = postSolution
		SolutionGuid = {C9CE2388-3020-41AD-8BF0-5638FCD6FC9A}
	EndGlobalSection
EndGlobal
