
Microsoft Visual Studio Solution File, Format Version 12.00
# Visual Studio Version 16
VisualStudioVersion = 16.0.30309.148
MinimumVisualStudioVersion = 10.0.40219.1
Project("{FAE04EC0-301F-11D3-BF4B-00C04F79EFBC}") = "HomeWork_7_4", "HomeWork_7_4.csproj", "{C8944D72-43BD-4C27-81F6-09670F9F36C1}"
EndProject
Global
	GlobalSection(SolutionConfigurationPlatforms) = preSolution
		Debug|Any CPU = Debug|Any CPU
		Release|Any CPU = Release|Any CPU
	EndGlobalSection
	GlobalSection(ProjectConfigurationPlatforms) = postSolution
		{C8944D72-43BD-4C27-81F6-09670F9F36C1}.Debug|Any CPU.ActiveCfg = Debug|Any CPU
		{C8944D72-43BD-4C27-81F6-09670F9F36C1}.Debug|Any CPU.Build.0 = Debug|Any CPU
		{C8944D72-43BD-4C27-81F6-09670F9F36C1}.Release|Any CPU.ActiveCfg = Release|Any CPU
		{C8944D72-43BD-4C27-81F6-09670F9F36C1}.Release|Any CPU.Build.0 = Release|Any CPU
	EndGlobalSection
	GlobalSection(SolutionProperties) = preSolution
		HideSolutionNode = FALSE
	EndGlobalSection
	GlobalSection(ExtensibilityGlobals) = postSolution
		SolutionGuid = {57910196-0D53-4E90-9078-920898D9D87C}
	EndGlobalSection
EndGlobal
