
Microsoft Visual Studio Solution File, Format Version 12.00
# Visual Studio Version 16
VisualStudioVersion = 16.0.30320.27
MinimumVisualStudioVersion = 10.0.40219.1
Project("{9A19103F-16F7-4668-BE54-9A1E7A4F7556}") = "HomeWork6_5", "HomeWork6_5.csproj", "{960F5004-2282-415E-92A6-EF246C8A26B3}"
EndProject
Global
	GlobalSection(SolutionConfigurationPlatforms) = preSolution
		Debug|Any CPU = Debug|Any CPU
		Release|Any CPU = Release|Any CPU
	EndGlobalSection
	GlobalSection(ProjectConfigurationPlatforms) = postSolution
		{960F5004-2282-415E-92A6-EF246C8A26B3}.Debug|Any CPU.ActiveCfg = Debug|Any CPU
		{960F5004-2282-415E-92A6-EF246C8A26B3}.Debug|Any CPU.Build.0 = Debug|Any CPU
		{960F5004-2282-415E-92A6-EF246C8A26B3}.Release|Any CPU.ActiveCfg = Release|Any CPU
		{960F5004-2282-415E-92A6-EF246C8A26B3}.Release|Any CPU.Build.0 = Release|Any CPU
	EndGlobalSection
	GlobalSection(SolutionProperties) = preSolution
		HideSolutionNode = FALSE
	EndGlobalSection
	GlobalSection(ExtensibilityGlobals) = postSolution
		SolutionGuid = {E1D66F6F-FD57-43A1-A0CB-8EA2A56BDD95}
	EndGlobalSection
EndGlobal
