
Microsoft Visual Studio Solution File, Format Version 12.00
# Visual Studio Version 16
VisualStudioVersion = 16.0.29613.14
MinimumVisualStudioVersion = 10.0.40219.1
Project("{FAE04EC0-301F-11D3-BF4B-00C04F79EFBC}") = "HomeWork_2_2", "HomeWork_2_2.csproj", "{9DC6FB96-5513-44AD-B41F-7CF5EC67161F}"
EndProject
Global
	GlobalSection(SolutionConfigurationPlatforms) = preSolution
		Debug|Any CPU = Debug|Any CPU
		Release|Any CPU = Release|Any CPU
	EndGlobalSection
	GlobalSection(ProjectConfigurationPlatforms) = postSolution
		{9DC6FB96-5513-44AD-B41F-7CF5EC67161F}.Debug|Any CPU.ActiveCfg = Debug|Any CPU
		{9DC6FB96-5513-44AD-B41F-7CF5EC67161F}.Debug|Any CPU.Build.0 = Debug|Any CPU
		{9DC6FB96-5513-44AD-B41F-7CF5EC67161F}.Release|Any CPU.ActiveCfg = Release|Any CPU
		{9DC6FB96-5513-44AD-B41F-7CF5EC67161F}.Release|Any CPU.Build.0 = Release|Any CPU
	EndGlobalSection
	GlobalSection(SolutionProperties) = preSolution
		HideSolutionNode = FALSE
	EndGlobalSection
	GlobalSection(ExtensibilityGlobals) = postSolution
		SolutionGuid = {FA5C4C7C-7A79-44C5-A497-0EFE84D39770}
	EndGlobalSection
EndGlobal
